
Microsoft Visual Studio Solution File, Format Version 12.00
# Visual Studio 15
VisualStudioVersion = 15.0.28307.1738
MinimumVisualStudioVersion = 10.0.40219.1
Project("{FAE04EC0-301F-11D3-BF4B-00C04F79EFBC}") = "PdfLib", "PdfLib\PdfLib.csproj", "{2FF209E9-EC99-4A86-899F-3B8354E64CC6}"
EndProject
Project("{FAE04EC0-301F-11D3-BF4B-00C04F79EFBC}") = "PdfLib.WindowsForms", "PdfLib.WindowsForms\PdfLib.WindowsForms.csproj", "{34B99B25-1AD8-4744-8F1C-F01604CB992F}"
EndProject
Project("{FAE04EC0-301F-11D3-BF4B-00C04F79EFBC}") = "PdfLib.Word", "PdfLib.Word\PdfLib.Word.csproj", "{613D92AA-515A-4B67-A7E0-A7BBCA8EF638}"
EndProject
Global
	GlobalSection(SolutionConfigurationPlatforms) = preSolution
		Debug|Any CPU = Debug|Any CPU
		Release|Any CPU = Release|Any CPU
	EndGlobalSection
	GlobalSection(ProjectConfigurationPlatforms) = postSolution
		{2FF209E9-EC99-4A86-899F-3B8354E64CC6}.Debug|Any CPU.ActiveCfg = Debug|Any CPU
		{2FF209E9-EC99-4A86-899F-3B8354E64CC6}.Debug|Any CPU.Build.0 = Debug|Any CPU
		{2FF209E9-EC99-4A86-899F-3B8354E64CC6}.Release|Any CPU.ActiveCfg = Release|Any CPU
		{2FF209E9-EC99-4A86-899F-3B8354E64CC6}.Release|Any CPU.Build.0 = Release|Any CPU
		{34B99B25-1AD8-4744-8F1C-F01604CB992F}.Debug|Any CPU.ActiveCfg = Debug|Any CPU
		{34B99B25-1AD8-4744-8F1C-F01604CB992F}.Debug|Any CPU.Build.0 = Debug|Any CPU
		{34B99B25-1AD8-4744-8F1C-F01604CB992F}.Release|Any CPU.ActiveCfg = Release|Any CPU
		{34B99B25-1AD8-4744-8F1C-F01604CB992F}.Release|Any CPU.Build.0 = Release|Any CPU
		{613D92AA-515A-4B67-A7E0-A7BBCA8EF638}.Debug|Any CPU.ActiveCfg = Debug|Any CPU
		{613D92AA-515A-4B67-A7E0-A7BBCA8EF638}.Debug|Any CPU.Build.0 = Debug|Any CPU
		{613D92AA-515A-4B67-A7E0-A7BBCA8EF638}.Release|Any CPU.ActiveCfg = Release|Any CPU
		{613D92AA-515A-4B67-A7E0-A7BBCA8EF638}.Release|Any CPU.Build.0 = Release|Any CPU
	EndGlobalSection
	GlobalSection(SolutionProperties) = preSolution
		HideSolutionNode = FALSE
	EndGlobalSection
	GlobalSection(ExtensibilityGlobals) = postSolution
		SolutionGuid = {E2F09576-2CB5-4EB5-AC14-B316EAD916C8}
	EndGlobalSection
EndGlobal
